{
  "requires": true,
  "lockfileVersion": 1,
  "dependencies": {
    "validate-fields": {
      "version": "5.1.1",
      "resolved": "https://registry.npmjs.org/validate-fields/-/validate-fields-5.1.1.tgz",
      "integrity": "sha512-0qduSdNwjZI8vNIjQGUfQtDddmL/INxlqgnA2U+AcLC/YxDOmP0LiV2JP9egxRbomGCLYpz3hfn50bINGDxyZg=="
    },
    "veeva-vault": {
      "version": "git+https://github.com/KlickInc/klick-veeva-vault-wrapper.git#c3115782197890eef4b96eefc84ad5025792892b",
      "from": "git+https://github.com/KlickInc/klick-veeva-vault-wrapper.git"
    }
  }
}
